
Microsoft Visual Studio Solution File, Format Version 12.00
# Visual Studio Version 16
VisualStudioVersion = 16.0.29020.237
MinimumVisualStudioVersion = 10.0.40219.1
Project("{FAE04EC0-301F-11D3-BF4B-00C04F79EFBC}") = "InheritanceLearning", "InheritanceLearning\InheritanceLearning.csproj", "{D14E1D96-B88C-4DDC-9FCC-4FEFFE16A7D1}"
EndProject
Global
	GlobalSection(SolutionConfigurationPlatforms) = preSolution
		Debug|Any CPU = Debug|Any CPU
		Release|Any CPU = Release|Any CPU
	EndGlobalSection
	GlobalSection(ProjectConfigurationPlatforms) = postSolution
		{D14E1D96-B88C-4DDC-9FCC-4FEFFE16A7D1}.Debug|Any CPU.ActiveCfg = Debug|Any CPU
		{D14E1D96-B88C-4DDC-9FCC-4FEFFE16A7D1}.Debug|Any CPU.Build.0 = Debug|Any CPU
		{D14E1D96-B88C-4DDC-9FCC-4FEFFE16A7D1}.Release|Any CPU.ActiveCfg = Release|Any CPU
		{D14E1D96-B88C-4DDC-9FCC-4FEFFE16A7D1}.Release|Any CPU.Build.0 = Release|Any CPU
	EndGlobalSection
	GlobalSection(SolutionProperties) = preSolution
		HideSolutionNode = FALSE
	EndGlobalSection
	GlobalSection(ExtensibilityGlobals) = postSolution
		SolutionGuid = {49B8A2DD-3FAA-4198-9660-1441D91520F2}
	EndGlobalSection
EndGlobal
