
Microsoft Visual Studio Solution File, Format Version 12.00
# Visual Studio Version 16
VisualStudioVersion = 16.0.29519.87
MinimumVisualStudioVersion = 10.0.40219.1
Project("{FAE04EC0-301F-11D3-BF4B-00C04F79EFBC}") = "FunctionOverride_10", "FunctionOverride_10\FunctionOverride_10.csproj", "{D2561596-A43D-41FE-89E4-C7EFF067CC22}"
EndProject
Global
	GlobalSection(SolutionConfigurationPlatforms) = preSolution
		Debug|Any CPU = Debug|Any CPU
		Release|Any CPU = Release|Any CPU
	EndGlobalSection
	GlobalSection(ProjectConfigurationPlatforms) = postSolution
		{D2561596-A43D-41FE-89E4-C7EFF067CC22}.Debug|Any CPU.ActiveCfg = Debug|Any CPU
		{D2561596-A43D-41FE-89E4-C7EFF067CC22}.Debug|Any CPU.Build.0 = Debug|Any CPU
		{D2561596-A43D-41FE-89E4-C7EFF067CC22}.Release|Any CPU.ActiveCfg = Release|Any CPU
		{D2561596-A43D-41FE-89E4-C7EFF067CC22}.Release|Any CPU.Build.0 = Release|Any CPU
	EndGlobalSection
	GlobalSection(SolutionProperties) = preSolution
		HideSolutionNode = FALSE
	EndGlobalSection
	GlobalSection(ExtensibilityGlobals) = postSolution
		SolutionGuid = {D75D5CCD-0284-4C44-B3B6-61B91FA27A6E}
	EndGlobalSection
EndGlobal
